
Microsoft Visual Studio Solution File, Format Version 12.00
# Visual Studio Version 16
VisualStudioVersion = 16.0.30503.244
MinimumVisualStudioVersion = 10.0.40219.1
Project("{9A19103F-16F7-4668-BE54-9A1E7A4F7556}") = "GerenciadorCondominio.DAL", "GerenciadorCondominio.DAL\GerenciadorCondominio.DAL.csproj", "{241265A4-9478-4DC5-B571-8D6DFE18FA24}"
EndProject
Project("{9A19103F-16F7-4668-BE54-9A1E7A4F7556}") = "GerenciadorCondominio.BLL", "GerenciadorCondominio.BLL\GerenciadorCondominio.BLL.csproj", "{C1C3EED0-ACA9-4AB5-A27A-9470B872B52C}"
EndProject
Project("{FAE04EC0-301F-11D3-BF4B-00C04F79EFBC}") = "GerenciadorCondominio.MVC", "GerenciadorCondominio.MVC\GerenciadorCondominio.MVC.csproj", "{0A6F6A83-A3C8-479A-AB0E-631553D04FE4}"
EndProject
Global
	GlobalSection(SolutionConfigurationPlatforms) = preSolution
		Debug|Any CPU = Debug|Any CPU
		Release|Any CPU = Release|Any CPU
	EndGlobalSection
	GlobalSection(ProjectConfigurationPlatforms) = postSolution
		{241265A4-9478-4DC5-B571-8D6DFE18FA24}.Debug|Any CPU.ActiveCfg = Debug|Any CPU
		{241265A4-9478-4DC5-B571-8D6DFE18FA24}.Debug|Any CPU.Build.0 = Debug|Any CPU
		{241265A4-9478-4DC5-B571-8D6DFE18FA24}.Release|Any CPU.ActiveCfg = Release|Any CPU
		{241265A4-9478-4DC5-B571-8D6DFE18FA24}.Release|Any CPU.Build.0 = Release|Any CPU
		{C1C3EED0-ACA9-4AB5-A27A-9470B872B52C}.Debug|Any CPU.ActiveCfg = Debug|Any CPU
		{C1C3EED0-ACA9-4AB5-A27A-9470B872B52C}.Debug|Any CPU.Build.0 = Debug|Any CPU
		{C1C3EED0-ACA9-4AB5-A27A-9470B872B52C}.Release|Any CPU.ActiveCfg = Release|Any CPU
		{C1C3EED0-ACA9-4AB5-A27A-9470B872B52C}.Release|Any CPU.Build.0 = Release|Any CPU
		{0A6F6A83-A3C8-479A-AB0E-631553D04FE4}.Debug|Any CPU.ActiveCfg = Debug|Any CPU
		{0A6F6A83-A3C8-479A-AB0E-631553D04FE4}.Debug|Any CPU.Build.0 = Debug|Any CPU
		{0A6F6A83-A3C8-479A-AB0E-631553D04FE4}.Release|Any CPU.ActiveCfg = Release|Any CPU
		{0A6F6A83-A3C8-479A-AB0E-631553D04FE4}.Release|Any CPU.Build.0 = Release|Any CPU
	EndGlobalSection
	GlobalSection(SolutionProperties) = preSolution
		HideSolutionNode = FALSE
	EndGlobalSection
	GlobalSection(ExtensibilityGlobals) = postSolution
		SolutionGuid = {3B3AF130-1143-4B4A-BF07-F821E868D718}
	EndGlobalSection
EndGlobal
